
Microsoft Visual Studio Solution File, Format Version 12.00
# Visual Studio 15
VisualStudioVersion = 15.0.28307.329
MinimumVisualStudioVersion = 10.0.40219.1
Project("{FAE04EC0-301F-11D3-BF4B-00C04F79EFBC}") = "DevTeamProj03", "DevTeamProj03\DevTeamProj03.csproj", "{FEF9D7A6-578D-4F61-80FF-AB6B981B5EC8}"
EndProject
Global
	GlobalSection(SolutionConfigurationPlatforms) = preSolution
		Debug|Any CPU = Debug|Any CPU
		Release|Any CPU = Release|Any CPU
	EndGlobalSection
	GlobalSection(ProjectConfigurationPlatforms) = postSolution
		{FEF9D7A6-578D-4F61-80FF-AB6B981B5EC8}.Debug|Any CPU.ActiveCfg = Debug|Any CPU
		{FEF9D7A6-578D-4F61-80FF-AB6B981B5EC8}.Debug|Any CPU.Build.0 = Debug|Any CPU
		{FEF9D7A6-578D-4F61-80FF-AB6B981B5EC8}.Release|Any CPU.ActiveCfg = Release|Any CPU
		{FEF9D7A6-578D-4F61-80FF-AB6B981B5EC8}.Release|Any CPU.Build.0 = Release|Any CPU
	EndGlobalSection
	GlobalSection(SolutionProperties) = preSolution
		HideSolutionNode = FALSE
	EndGlobalSection
	GlobalSection(ExtensibilityGlobals) = postSolution
		SolutionGuid = {0C6583EE-38CA-4D36-A319-90827BE1EC3C}
	EndGlobalSection
EndGlobal
